
Microsoft Visual Studio Solution File, Format Version 12.00
# Visual Studio Version 16
VisualStudioVersion = 16.0.29519.181
MinimumVisualStudioVersion = 10.0.40219.1
Project("{FAE04EC0-301F-11D3-BF4B-00C04F79EFBC}") = "SethNorton_LCSLab", "SethNorton_LCSLab\SethNorton_LCSLab.csproj", "{02E36197-07D5-4B23-A724-6DAACA02239A}"
EndProject
Global
	GlobalSection(SolutionConfigurationPlatforms) = preSolution
		Debug|Any CPU = Debug|Any CPU
		Release|Any CPU = Release|Any CPU
	EndGlobalSection
	GlobalSection(ProjectConfigurationPlatforms) = postSolution
		{02E36197-07D5-4B23-A724-6DAACA02239A}.Debug|Any CPU.ActiveCfg = Debug|Any CPU
		{02E36197-07D5-4B23-A724-6DAACA02239A}.Debug|Any CPU.Build.0 = Debug|Any CPU
		{02E36197-07D5-4B23-A724-6DAACA02239A}.Release|Any CPU.ActiveCfg = Release|Any CPU
		{02E36197-07D5-4B23-A724-6DAACA02239A}.Release|Any CPU.Build.0 = Release|Any CPU
	EndGlobalSection
	GlobalSection(SolutionProperties) = preSolution
		HideSolutionNode = FALSE
	EndGlobalSection
	GlobalSection(ExtensibilityGlobals) = postSolution
		SolutionGuid = {B1FAC6A5-BD24-4F47-A19B-DD7542376D32}
	EndGlobalSection
EndGlobal
